PODS:
  - Alamofire (4.4.0)
  - SWXMLHash (3.0.4)

DEPENDENCIES:
  - Alamofire (~> 4.4)
  - SWXMLHash (~> 3.0.0)

SPEC CHECKSUMS:
  Alamofire: dc44b1600b800eb63da6a19039a0083d62a6a62d
  SWXMLHash: 29d20b84692fc319ea8ed933058fe7d8d005139b

PODFILE CHECKSUM: 956e95aa364b8a1823c703a9fe21ce2054266fdb

COCOAPODS: 1.2.1.beta.1
